// !$*UTF8*$!
{
	archiveVersion = 1;
	classes = {
	};
	objectVersion = 60;
	objects = {

/* Begin PBXBuildFile section */
		80D29549080164F49CC4D3B2 /* Pods_CodeTest.framework in Frameworks */ = {isa = PBXBuildFile; fileRef = B3F56FEF60A950109B733563 /* Pods_CodeTest.framework */; };
		BA22552C2B0F4AF400775FBE /* AppDelegate.swift in Sources */ = {isa = PBXBuildFile; fileRef = BA22552B2B0F4AF400775FBE /* AppDelegate.swift */; };
		BA22552E2B0F4AF400775FBE /* SceneDelegate.swift in Sources */ = {isa = PBXBuildFile; fileRef = BA22552D2B0F4AF400775FBE /* SceneDelegate.swift */; };
		BA2255302B0F4AF400775FBE /* ViewController.swift in Sources */ = {isa = PBXBuildFile; fileRef = BA22552F2B0F4AF400775FBE /* ViewController.swift */; };
		BA2255332B0F4AF400775FBE /* Main.storyboard in Resources */ = {isa = PBXBuildFile; fileRef = BA2255312B0F4AF400775FBE /* Main.storyboard */; };
		BA2255352B0F4AF500775FBE /* Assets.xcassets in Resources */ = {isa = PBXBuildFile; fileRef = BA2255342B0F4AF500775FBE /* Assets.xcassets */; };
		BA2255382B0F4AF500775FBE /* LaunchScreen.storyboard in Resources */ = {isa = PBXBuildFile; fileRef = BA2255362B0F4AF500775FBE /* LaunchScreen.storyboard */; };
		BAC055D72B0F502200A0A063 /* AppConfig.swift in Sources */ = {isa = PBXBuildFile; fileRef = BAC055D62B0F502200A0A063 /* AppConfig.swift */; };
		BAC055E72B0F507C00A0A063 /* Image+AppTools.swift in Sources */ = {isa = PBXBuildFile; fileRef = BAC055D92B0F507C00A0A063 /* Image+AppTools.swift */; };
		BAC055E82B0F507C00A0A063 /* UIViewController+AppTools.swift in Sources */ = {isa = PBXBuildFile; fileRef = BAC055DA2B0F507C00A0A063 /* UIViewController+AppTools.swift */; };
		BAC055E92B0F507C00A0A063 /* Array+AppTools.swift in Sources */ = {isa = PBXBuildFile; fileRef = BAC055DB2B0F507C00A0A063 /* Array+AppTools.swift */; };
		BAC055EA2B0F507C00A0A063 /* UITextField+AppTools.swift in Sources */ = {isa = PBXBuildFile; fileRef = BAC055DC2B0F507C00A0A063 /* UITextField+AppTools.swift */; };
		BAC055EB2B0F507C00A0A063 /* SVProgressHUD+AppTools.swift in Sources */ = {isa = PBXBuildFile; fileRef = BAC055DD2B0F507C00A0A063 /* SVProgressHUD+AppTools.swift */; };
		BAC055EC2B0F507C00A0A063 /* Button+countDown.swift in Sources */ = {isa = PBXBuildFile; fileRef = BAC055DE2B0F507C00A0A063 /* Button+countDown.swift */; };
		BAC055ED2B0F507C00A0A063 /* Notification+Apptools.swift in Sources */ = {isa = PBXBuildFile; fileRef = BAC055DF2B0F507C00A0A063 /* Notification+Apptools.swift */; };
		BAC055EE2B0F507C00A0A063 /* Date+Apptools.swift in Sources */ = {isa = PBXBuildFile; fileRef = BAC055E02B0F507C00A0A063 /* Date+Apptools.swift */; };
		BAC055EF2B0F507C00A0A063 /* Dictionary+Apptools.swift in Sources */ = {isa = PBXBuildFile; fileRef = BAC055E12B0F507C00A0A063 /* Dictionary+Apptools.swift */; };
		BAC055F02B0F507C00A0A063 /* String+AppTools.swift in Sources */ = {isa = PBXBuildFile; fileRef = BAC055E22B0F507C00A0A063 /* String+AppTools.swift */; };
		BAC055F12B0F507C00A0A063 /* Color+AppTools.swift in Sources */ = {isa = PBXBuildFile; fileRef = BAC055E32B0F507C00A0A063 /* Color+AppTools.swift */; };
		BAC055F22B0F507C00A0A063 /* View+AppTools.swift in Sources */ = {isa = PBXBuildFile; fileRef = BAC055E42B0F507C00A0A063 /* View+AppTools.swift */; };
		BAC055F32B0F507C00A0A063 /* Button+AppTools.swift in Sources */ = {isa = PBXBuildFile; fileRef = BAC055E52B0F507C00A0A063 /* Button+AppTools.swift */; };
		BAC055F42B0F507C00A0A063 /* NibLoadable.swift in Sources */ = {isa = PBXBuildFile; fileRef = BAC055E62B0F507C00A0A063 /* NibLoadable.swift */; };
		BAC055F62B0F50E400A0A063 /* ColorConfig.swift in Sources */ = {isa = PBXBuildFile; fileRef = BAC055F52B0F50E400A0A063 /* ColorConfig.swift */; };
		BAC055FB2B0F520300A0A063 /* AppDelegate+Config.swift in Sources */ = {isa = PBXBuildFile; fileRef = BAC055FA2B0F520300A0A063 /* AppDelegate+Config.swift */; };
		BAC055FD2B10419600A0A063 /* BaseNavigationController.swift in Sources */ = {isa = PBXBuildFile; fileRef = BAC055FC2B10419600A0A063 /* BaseNavigationController.swift */; };
		BAC056012B1041A400A0A063 /* BaseViewController.swift in Sources */ = {isa = PBXBuildFile; fileRef = BAC056002B1041A400A0A063 /* BaseViewController.swift */; };
		BAC056042B1042FD00A0A063 /* CLLocation.swift in Sources */ = {isa = PBXBuildFile; fileRef = BAC056032B1042FD00A0A063 /* CLLocation.swift */; };
		BAC0560D2B10430B00A0A063 /* NetWorkBaseApi.swift in Sources */ = {isa = PBXBuildFile; fileRef = BAC056072B10430B00A0A063 /* NetWorkBaseApi.swift */; };
		BAC0560E2B10430B00A0A063 /* NetWorkCodeTool.swift in Sources */ = {isa = PBXBuildFile; fileRef = BAC056082B10430B00A0A063 /* NetWorkCodeTool.swift */; };
		BAC0560F2B10430B00A0A063 /* NetWorkManager.swift in Sources */ = {isa = PBXBuildFile; fileRef = BAC056092B10430B00A0A063 /* NetWorkManager.swift */; };
		BAC056102B10430B00A0A063 /* Device+Apptools.swift in Sources */ = {isa = PBXBuildFile; fileRef = BAC0560A2B10430B00A0A063 /* Device+Apptools.swift */; };
		BAC056112B10430B00A0A063 /* RequestDataModel.swift in Sources */ = {isa = PBXBuildFile; fileRef = BAC0560B2B10430B00A0A063 /* RequestDataModel.swift */; };
		BAC056172B10455B00A0A063 /* GlobalHelper.swift in Sources */ = {isa = PBXBuildFile; fileRef = BAC056132B10455B00A0A063 /* GlobalHelper.swift */; };
		BAC056182B10455B00A0A063 /* GCDTimer.swift in Sources */ = {isa = PBXBuildFile; fileRef = BAC056142B10455B00A0A063 /* GCDTimer.swift */; };
		BAC056192B10455B00A0A063 /* AppTools.swift in Sources */ = {isa = PBXBuildFile; fileRef = BAC056152B10455B00A0A063 /* AppTools.swift */; };
		BAC0561A2B10455B00A0A063 /* GifImageOperation.swift in Sources */ = {isa = PBXBuildFile; fileRef = BAC056162B10455B00A0A063 /* GifImageOperation.swift */; };
		BAC0561D2B10472A00A0A063 /* MapViewController.swift in Sources */ = {isa = PBXBuildFile; fileRef = BAC0561C2B10472A00A0A063 /* MapViewController.swift */; };
		BAC056212B104CCC00A0A063 /* CommonButton.swift in Sources */ = {isa = PBXBuildFile; fileRef = BAC056202B104CCC00A0A063 /* CommonButton.swift */; };
		BAC056232B10734500A0A063 /* AutocompleteBaseViewController.swift in Sources */ = {isa = PBXBuildFile; fileRef = BAC056222B10734500A0A063 /* AutocompleteBaseViewController.swift */; };
		BAC056272B1073CC00A0A063 /* PagingPhotoView.swift in Sources */ = {isa = PBXBuildFile; fileRef = BAC056262B1073CC00A0A063 /* PagingPhotoView.swift */; };
		BAC056292B10743000A0A063 /* AutocompleteConfiguration.swift in Sources */ = {isa = PBXBuildFile; fileRef = BAC056282B10743000A0A063 /* AutocompleteConfiguration.swift */; };
		BAC0562D2B107FD800A0A063 /* DistanceCalculator.swift in Sources */ = {isa = PBXBuildFile; fileRef = BAC0562C2B107FD800A0A063 /* DistanceCalculator.swift */; };
		BAC056312B1083D400A0A063 /* GoogleModel.swift in Sources */ = {isa = PBXBuildFile; fileRef = BAC056302B1083D400A0A063 /* GoogleModel.swift */; };
/* End PBXBuildFile section */

/* Begin PBXFileReference section */
		B3F56FEF60A950109B733563 /* Pods_CodeTest.framework */ = {isa = PBXFileReference; explicitFileType = wrapper.framework; includeInIndex = 0; path = Pods_CodeTest.framework; sourceTree = BUILT_PRODUCTS_DIR; };
		BA2255282B0F4AF400775FBE /* CodeTest.app */ = {isa = PBXFileReference; explicitFileType = wrapper.application; includeInIndex = 0; path = CodeTest.app; sourceTree = BUILT_PRODUCTS_DIR; };
		BA22552B2B0F4AF400775FBE /* AppDelegate.swift */ = {isa = PBXFileReference; lastKnownFileType = sourcecode.swift; path = AppDelegate.swift; sourceTree = "<group>"; };
		BA22552D2B0F4AF400775FBE /* SceneDelegate.swift */ = {isa = PBXFileReference; lastKnownFileType = sourcecode.swift; path = SceneDelegate.swift; sourceTree = "<group>"; };
		BA22552F2B0F4AF400775FBE /* ViewController.swift */ = {isa = PBXFileReference; lastKnownFileType = sourcecode.swift; path = ViewController.swift; sourceTree = "<group>"; };
		BA2255322B0F4AF400775FBE /* Base */ = {isa = PBXFileReference; lastKnownFileType = file.storyboard; name = Base; path = Base.lproj/Main.storyboard; sourceTree = "<group>"; };
		BA2255342B0F4AF500775FBE /* Assets.xcassets */ = {isa = PBXFileReference; lastKnownFileType = folder.assetcatalog; path = Assets.xcassets; sourceTree = "<group>"; };
		BA2255372B0F4AF500775FBE /* Base */ = {isa = PBXFileReference; lastKnownFileType = file.storyboard; name = Base; path = Base.lproj/LaunchScreen.storyboard; sourceTree = "<group>"; };
		BA2255392B0F4AF500775FBE /* Info.plist */ = {isa = PBXFileReference; lastKnownFileType = text.plist.xml; path = Info.plist; sourceTree = "<group>"; };
		BAC055D62B0F502200A0A063 /* AppConfig.swift */ = {isa = PBXFileReference; fileEncoding = 4; lastKnownFileType = sourcecode.swift; path = AppConfig.swift; sourceTree = "<group>"; };
		BAC055D92B0F507C00A0A063 /* Image+AppTools.swift */ = {isa = PBXFileReference; fileEncoding = 4; lastKnownFileType = sourcecode.swift; path = "Image+AppTools.swift"; sourceTree = "<group>"; };
		BAC055DA2B0F507C00A0A063 /* UIViewController+AppTools.swift */ = {isa = PBXFileReference; fileEncoding = 4; lastKnownFileType = sourcecode.swift; path = "UIViewController+AppTools.swift"; sourceTree = "<group>"; };
		BAC055DB2B0F507C00A0A063 /* Array+AppTools.swift */ = {isa = PBXFileReference; fileEncoding = 4; lastKnownFileType = sourcecode.swift; path = "Array+AppTools.swift"; sourceTree = "<group>"; };
		BAC055DC2B0F507C00A0A063 /* UITextField+AppTools.swift */ = {isa = PBXFileReference; fileEncoding = 4; lastKnownFileType = sourcecode.swift; path = "UITextField+AppTools.swift"; sourceTree = "<group>"; };
		BAC055DD2B0F507C00A0A063 /* SVProgressHUD+AppTools.swift */ = {isa = PBXFileReference; fileEncoding = 4; lastKnownFileType = sourcecode.swift; path = "SVProgressHUD+AppTools.swift"; sourceTree = "<group>"; };
		BAC055DE2B0F507C00A0A063 /* Button+countDown.swift */ = {isa = PBXFileReference; fileEncoding = 4; lastKnownFileType = sourcecode.swift; path = "Button+countDown.swift"; sourceTree = "<group>"; };
		BAC055DF2B0F507C00A0A063 /* Notification+Apptools.swift */ = {isa = PBXFileReference; fileEncoding = 4; lastKnownFileType = sourcecode.swift; path = "Notification+Apptools.swift"; sourceTree = "<group>"; };
		BAC055E02B0F507C00A0A063 /* Date+Apptools.swift */ = {isa = PBXFileReference; fileEncoding = 4; lastKnownFileType = sourcecode.swift; path = "Date+Apptools.swift"; sourceTree = "<group>"; };
		BAC055E12B0F507C00A0A063 /* Dictionary+Apptools.swift */ = {isa = PBXFileReference; fileEncoding = 4; lastKnownFileType = sourcecode.swift; path = "Dictionary+Apptools.swift"; sourceTree = "<group>"; };
		BAC055E22B0F507C00A0A063 /* String+AppTools.swift */ = {isa = PBXFileReference; fileEncoding = 4; lastKnownFileType = sourcecode.swift; path = "String+AppTools.swift"; sourceTree = "<group>"; };
		BAC055E32B0F507C00A0A063 /* Color+AppTools.swift */ = {isa = PBXFileReference; fileEncoding = 4; lastKnownFileType = sourcecode.swift; path = "Color+AppTools.swift"; sourceTree = "<group>"; };
		BAC055E42B0F507C00A0A063 /* View+AppTools.swift */ = {isa = PBXFileReference; fileEncoding = 4; lastKnownFileType = sourcecode.swift; path = "View+AppTools.swift"; sourceTree = "<group>"; };
		BAC055E52B0F507C00A0A063 /* Button+AppTools.swift */ = {isa = PBXFileReference; fileEncoding = 4; lastKnownFileType = sourcecode.swift; path = "Button+AppTools.swift"; sourceTree = "<group>"; };
		BAC055E62B0F507C00A0A063 /* NibLoadable.swift */ = {isa = PBXFileReference; fileEncoding = 4; lastKnownFileType = sourcecode.swift; path = NibLoadable.swift; sourceTree = "<group>"; };
		BAC055F52B0F50E400A0A063 /* ColorConfig.swift */ = {isa = PBXFileReference; fileEncoding = 4; lastKnownFileType = sourcecode.swift; path = ColorConfig.swift; sourceTree = "<group>"; };
		BAC055FA2B0F520300A0A063 /* AppDelegate+Config.swift */ = {isa = PBXFileReference; fileEncoding = 4; lastKnownFileType = sourcecode.swift; path = "AppDelegate+Config.swift"; sourceTree = "<group>"; };
		BAC055FC2B10419600A0A063 /* BaseNavigationController.swift */ = {isa = PBXFileReference; fileEncoding = 4; lastKnownFileType = sourcecode.swift; path = BaseNavigationController.swift; sourceTree = "<group>"; };
		BAC056002B1041A400A0A063 /* BaseViewController.swift */ = {isa = PBXFileReference; fileEncoding = 4; lastKnownFileType = sourcecode.swift; path = BaseViewController.swift; sourceTree = "<group>"; };
		BAC056032B1042FD00A0A063 /* CLLocation.swift */ = {isa = PBXFileReference; fileEncoding = 4; lastKnownFileType = sourcecode.swift; path = CLLocation.swift; sourceTree = "<group>"; };
		BAC056072B10430B00A0A063 /* NetWorkBaseApi.swift */ = {isa = PBXFileReference; fileEncoding = 4; lastKnownFileType = sourcecode.swift; path = NetWorkBaseApi.swift; sourceTree = "<group>"; };
		BAC056082B10430B00A0A063 /* NetWorkCodeTool.swift */ = {isa = PBXFileReference; fileEncoding = 4; lastKnownFileType = sourcecode.swift; path = NetWorkCodeTool.swift; sourceTree = "<group>"; };
		BAC056092B10430B00A0A063 /* NetWorkManager.swift */ = {isa = PBXFileReference; fileEncoding = 4; lastKnownFileType = sourcecode.swift; path = NetWorkManager.swift; sourceTree = "<group>"; };
		BAC0560A2B10430B00A0A063 /* Device+Apptools.swift */ = {isa = PBXFileReference; fileEncoding = 4; lastKnownFileType = sourcecode.swift; path = "Device+Apptools.swift"; sourceTree = "<group>"; };
		BAC0560B2B10430B00A0A063 /* RequestDataModel.swift */ = {isa = PBXFileReference; fileEncoding = 4; lastKnownFileType = sourcecode.swift; path = RequestDataModel.swift; sourceTree = "<group>"; };
		BAC056132B10455B00A0A063 /* GlobalHelper.swift */ = {isa = PBXFileReference; fileEncoding = 4; lastKnownFileType = sourcecode.swift; path = GlobalHelper.swift; sourceTree = "<group>"; };
		BAC056142B10455B00A0A063 /* GCDTimer.swift */ = {isa = PBXFileReference; fileEncoding = 4; lastKnownFileType = sourcecode.swift; path = GCDTimer.swift; sourceTree = "<group>"; };
		BAC056152B10455B00A0A063 /* AppTools.swift */ = {isa = PBXFileReference; fileEncoding = 4; lastKnownFileType = sourcecode.swift; path = AppTools.swift; sourceTree = "<group>"; };
		BAC056162B10455B00A0A063 /* GifImageOperation.swift */ = {isa = PBXFileReference; fileEncoding = 4; lastKnownFileType = sourcecode.swift; path = GifImageOperation.swift; sourceTree = "<group>"; };
		BAC0561C2B10472A00A0A063 /* MapViewController.swift */ = {isa = PBXFileReference; lastKnownFileType = sourcecode.swift; path = MapViewController.swift; sourceTree = "<group>"; };
		BAC056202B104CCC00A0A063 /* CommonButton.swift */ = {isa = PBXFileReference; fileEncoding = 4; lastKnownFileType = sourcecode.swift; path = CommonButton.swift; sourceTree = "<group>"; };
		BAC056222B10734500A0A063 /* AutocompleteBaseViewController.swift */ = {isa = PBXFileReference; fileEncoding = 4; lastKnownFileType = sourcecode.swift; path = AutocompleteBaseViewController.swift; sourceTree = "<group>"; };
		BAC056262B1073CC00A0A063 /* PagingPhotoView.swift */ = {isa = PBXFileReference; fileEncoding = 4; lastKnownFileType = sourcecode.swift; path = PagingPhotoView.swift; sourceTree = "<group>"; };
		BAC056282B10743000A0A063 /* AutocompleteConfiguration.swift */ = {isa = PBXFileReference; fileEncoding = 4; lastKnownFileType = sourcecode.swift; path = AutocompleteConfiguration.swift; sourceTree = "<group>"; };
		BAC0562C2B107FD800A0A063 /* DistanceCalculator.swift */ = {isa = PBXFileReference; lastKnownFileType = sourcecode.swift; path = DistanceCalculator.swift; sourceTree = "<group>"; };
		BAC056302B1083D400A0A063 /* GoogleModel.swift */ = {isa = PBXFileReference; lastKnownFileType = sourcecode.swift; path = GoogleModel.swift; sourceTree = "<group>"; };
		C26183E6E40C453A9860B4C3 /* Pods-CodeTest.debug.xcconfig */ = {isa = PBXFileReference; includeInIndex = 1; lastKnownFileType = text.xcconfig; name = "Pods-CodeTest.debug.xcconfig"; path = "Target Support Files/Pods-CodeTest/Pods-CodeTest.debug.xcconfig"; sourceTree = "<group>"; };
		FADA90C51A35B313491D90EF /* Pods-CodeTest.release.xcconfig */ = {isa = PBXFileReference; includeInIndex = 1; lastKnownFileType = text.xcconfig; name = "Pods-CodeTest.release.xcconfig"; path = "Target Support Files/Pods-CodeTest/Pods-CodeTest.release.xcconfig"; sourceTree = "<group>"; };
/* End PBXFileReference section */

/* Begin PBXFrameworksBuildPhase section */
		BA2255252B0F4AF400775FBE /* Frameworks */ = {
			isa = PBXFrameworksBuildPhase;
			buildActionMask = 2147483647;
			files = (
				80D29549080164F49CC4D3B2 /* Pods_CodeTest.framework in Frameworks */,
			);
			runOnlyForDeploymentPostprocessing = 0;
		};
/* End PBXFrameworksBuildPhase section */

/* Begin PBXGroup section */
		2530195F0FF754AD01CD9F87 /* Pods */ = {
			isa = PBXGroup;
			children = (
				C26183E6E40C453A9860B4C3 /* Pods-CodeTest.debug.xcconfig */,
				FADA90C51A35B313491D90EF /* Pods-CodeTest.release.xcconfig */,
			);
			path = Pods;
			sourceTree = "<group>";
		};
		89D5112513A3405FFB71FB89 /* Frameworks */ = {
			isa = PBXGroup;
			children = (
				B3F56FEF60A950109B733563 /* Pods_CodeTest.framework */,
			);
			name = Frameworks;
			sourceTree = "<group>";
		};
		BA22551F2B0F4AF400775FBE = {
			isa = PBXGroup;
			children = (
				BA22552A2B0F4AF400775FBE /* CodeTest */,
				BA2255292B0F4AF400775FBE /* Products */,
				2530195F0FF754AD01CD9F87 /* Pods */,
				89D5112513A3405FFB71FB89 /* Frameworks */,
			);
			sourceTree = "<group>";
		};
		BA2255292B0F4AF400775FBE /* Products */ = {
			isa = PBXGroup;
			children = (
				BA2255282B0F4AF400775FBE /* CodeTest.app */,
			);
			name = Products;
			sourceTree = "<group>";
		};
		BA22552A2B0F4AF400775FBE /* CodeTest */ = {
			isa = PBXGroup;
			children = (
				BAC055D22B0F4FCC00A0A063 /* Application */,
				BAC055D42B0F500400A0A063 /* Config */,
				BAC055D52B0F501000A0A063 /* Core */,
				BAC0562E2B1083AA00A0A063 /* Data */,
				BAC0562A2B107D7100A0A063 /* Module */,
				BAC055F72B0F517C00A0A063 /* Features */,
				BAC055D32B0F4FDD00A0A063 /* Resources */,
				BA2255392B0F4AF500775FBE /* Info.plist */,
			);
			path = CodeTest;
			sourceTree = "<group>";
		};
		BAC055D22B0F4FCC00A0A063 /* Application */ = {
			isa = PBXGroup;
			children = (
				BA22552B2B0F4AF400775FBE /* AppDelegate.swift */,
				BAC055FA2B0F520300A0A063 /* AppDelegate+Config.swift */,
				BA22552D2B0F4AF400775FBE /* SceneDelegate.swift */,
				BA22552F2B0F4AF400775FBE /* ViewController.swift */,
			);
			path = Application;
			sourceTree = "<group>";
		};
		BAC055D32B0F4FDD00A0A063 /* Resources */ = {
			isa = PBXGroup;
			children = (
				BA2255312B0F4AF400775FBE /* Main.storyboard */,
				BA2255342B0F4AF500775FBE /* Assets.xcassets */,
				BA2255362B0F4AF500775FBE /* LaunchScreen.storyboard */,
			);
			path = Resources;
			sourceTree = "<group>";
		};
		BAC055D42B0F500400A0A063 /* Config */ = {
			isa = PBXGroup;
			children = (
				BAC055F52B0F50E400A0A063 /* ColorConfig.swift */,
				BAC055D62B0F502200A0A063 /* AppConfig.swift */,
			);
			path = Config;
			sourceTree = "<group>";
		};
		BAC055D52B0F501000A0A063 /* Core */ = {
			isa = PBXGroup;
			children = (
				BAC056122B10455B00A0A063 /* Tool */,
				BAC056052B10430B00A0A063 /* NetWork */,
				BAC056022B1042FD00A0A063 /* CLLocation */,
				BAC055D82B0F507C00A0A063 /* Extensions */,
			);
			path = Core;
			sourceTree = "<group>";
		};
		BAC055D82B0F507C00A0A063 /* Extensions */ = {
			isa = PBXGroup;
			children = (
				BAC055D92B0F507C00A0A063 /* Image+AppTools.swift */,
				BAC055DA2B0F507C00A0A063 /* UIViewController+AppTools.swift */,
				BAC055DB2B0F507C00A0A063 /* Array+AppTools.swift */,
				BAC055DC2B0F507C00A0A063 /* UITextField+AppTools.swift */,
				BAC055DD2B0F507C00A0A063 /* SVProgressHUD+AppTools.swift */,
				BAC055DE2B0F507C00A0A063 /* Button+countDown.swift */,
				BAC055DF2B0F507C00A0A063 /* Notification+Apptools.swift */,
				BAC055E02B0F507C00A0A063 /* Date+Apptools.swift */,
				BAC055E12B0F507C00A0A063 /* Dictionary+Apptools.swift */,
				BAC055E22B0F507C00A0A063 /* String+AppTools.swift */,
				BAC055E32B0F507C00A0A063 /* Color+AppTools.swift */,
				BAC055E42B0F507C00A0A063 /* View+AppTools.swift */,
				BAC055E52B0F507C00A0A063 /* Button+AppTools.swift */,
				BAC055E62B0F507C00A0A063 /* NibLoadable.swift */,
			);
			path = Extensions;
			sourceTree = "<group>";
		};
		BAC055F72B0F517C00A0A063 /* Features */ = {
			isa = PBXGroup;
			children = (
				BAC055F92B0F51A200A0A063 /* common */,
				BAC055F82B0F519600A0A063 /* page */,
			);
			path = Features;
			sourceTree = "<group>";
		};
		BAC055F82B0F519600A0A063 /* page */ = {
			isa = PBXGroup;
			children = (
				BAC056242B10738800A0A063 /* Places */,
				BAC0561B2B10470100A0A063 /* Map */,
			);
			path = page;
			sourceTree = "<group>";
		};
		BAC055F92B0F51A200A0A063 /* common */ = {
			isa = PBXGroup;
			children = (
				BAC0561F2B104CC300A0A063 /* view */,
				BAC055FC2B10419600A0A063 /* BaseNavigationController.swift */,
				BAC056002B1041A400A0A063 /* BaseViewController.swift */,
				BAC056282B10743000A0A063 /* AutocompleteConfiguration.swift */,
			);
			path = common;
			sourceTree = "<group>";
		};
		BAC056022B1042FD00A0A063 /* CLLocation */ = {
			isa = PBXGroup;
			children = (
				BAC056032B1042FD00A0A063 /* CLLocation.swift */,
			);
			path = CLLocation;
			sourceTree = "<group>";
		};
		BAC056052B10430B00A0A063 /* NetWork */ = {
			isa = PBXGroup;
			children = (
				BAC056072B10430B00A0A063 /* NetWorkBaseApi.swift */,
				BAC056082B10430B00A0A063 /* NetWorkCodeTool.swift */,
				BAC056092B10430B00A0A063 /* NetWorkManager.swift */,
				BAC0560A2B10430B00A0A063 /* Device+Apptools.swift */,
				BAC0560B2B10430B00A0A063 /* RequestDataModel.swift */,
			);
			path = NetWork;
			sourceTree = "<group>";
		};
		BAC056122B10455B00A0A063 /* Tool */ = {
			isa = PBXGroup;
			children = (
				BAC056132B10455B00A0A063 /* GlobalHelper.swift */,
				BAC056142B10455B00A0A063 /* GCDTimer.swift */,
				BAC056152B10455B00A0A063 /* AppTools.swift */,
				BAC056162B10455B00A0A063 /* GifImageOperation.swift */,
			);
			path = Tool;
			sourceTree = "<group>";
		};
		BAC0561B2B10470100A0A063 /* Map */ = {
			isa = PBXGroup;
			children = (
				BAC0561E2B104C4A00A0A063 /* view */,
				BAC0561C2B10472A00A0A063 /* MapViewController.swift */,
			);
			path = Map;
			sourceTree = "<group>";
		};
		BAC0561E2B104C4A00A0A063 /* view */ = {
			isa = PBXGroup;
			children = (
			);
			path = view;
			sourceTree = "<group>";
		};
		BAC0561F2B104CC300A0A063 /* view */ = {
			isa = PBXGroup;
			children = (
				BAC056202B104CCC00A0A063 /* CommonButton.swift */,
			);
			path = view;
			sourceTree = "<group>";
		};
		BAC056242B10738800A0A063 /* Places */ = {
			isa = PBXGroup;
			children = (
				BAC056252B10739700A0A063 /* view */,
				BAC056222B10734500A0A063 /* AutocompleteBaseViewController.swift */,
			);
			path = Places;
			sourceTree = "<group>";
		};
		BAC056252B10739700A0A063 /* view */ = {
			isa = PBXGroup;
			children = (
				BAC056262B1073CC00A0A063 /* PagingPhotoView.swift */,
			);
			path = view;
			sourceTree = "<group>";
		};
		BAC0562A2B107D7100A0A063 /* Module */ = {
			isa = PBXGroup;
			children = (
				BAC0562B2B107D8500A0A063 /* DistanceCalculator */,
			);
			path = Module;
			sourceTree = "<group>";
		};
		BAC0562B2B107D8500A0A063 /* DistanceCalculator */ = {
			isa = PBXGroup;
			children = (
				BAC0562F2B1083BD00A0A063 /* Model */,
				BAC0562C2B107FD800A0A063 /* DistanceCalculator.swift */,
			);
			path = DistanceCalculator;
			sourceTree = "<group>";
		};
		BAC0562E2B1083AA00A0A063 /* Data */ = {
			isa = PBXGroup;
			children = (
			);
			path = Data;
			sourceTree = "<group>";
		};
		BAC0562F2B1083BD00A0A063 /* Model */ = {
			isa = PBXGroup;
			children = (
				BAC056302B1083D400A0A063 /* GoogleModel.swift */,
			);
			path = Model;
			sourceTree = "<group>";
		};
/* End PBXGroup section */

/* Begin PBXNativeTarget section */
		BA2255272B0F4AF400775FBE /* CodeTest */ = {
			isa = PBXNativeTarget;
			buildConfigurationList = BA22553C2B0F4AF500775FBE /* Build configuration list for PBXNativeTarget "CodeTest" */;
			buildPhases = (
				6B9866A5214F5E0D0D37721A /* [CP] Check Pods Manifest.lock */,
				BA2255242B0F4AF400775FBE /* Sources */,
				BA2255252B0F4AF400775FBE /* Frameworks */,
				BA2255262B0F4AF400775FBE /* Resources */,
				932F01D3FCBF9A85537358D6 /* [CP] Embed Pods Frameworks */,
				6959AACAACBCDAE4DD9E5076 /* [CP] Copy Pods Resources */,
			);
			buildRules = (
			);
			dependencies = (
			);
			name = CodeTest;
			productName = CodeTest;
			productReference = BA2255282B0F4AF400775FBE /* CodeTest.app */;
			productType = "com.apple.product-type.application";
		};
/* End PBXNativeTarget section */

/* Begin PBXProject section */
		BA2255202B0F4AF400775FBE /* Project object */ = {
			isa = PBXProject;
			attributes = {
				BuildIndependentTargetsInParallel = 1;
				LastSwiftUpdateCheck = 1500;
				LastUpgradeCheck = 1500;
				TargetAttributes = {
					BA2255272B0F4AF400775FBE = {
						CreatedOnToolsVersion = 15.0.1;
					};
				};
			};
			buildConfigurationList = BA2255232B0F4AF400775FBE /* Build configuration list for PBXProject "CodeTest" */;
			compatibilityVersion = "Xcode 15.0";
			developmentRegion = en;
			hasScannedForEncodings = 0;
			knownRegions = (
				en,
				Base,
			);
			mainGroup = BA22551F2B0F4AF400775FBE;
			productRefGroup = BA2255292B0F4AF400775FBE /* Products */;
			projectDirPath = "";
			projectRoot = "";
			targets = (
				BA2255272B0F4AF400775FBE /* CodeTest */,
			);
		};
/* End PBXProject section */

/* Begin PBXResourcesBuildPhase section */
		BA2255262B0F4AF400775FBE /* Resources */ = {
			isa = PBXResourcesBuildPhase;
			buildActionMask = 2147483647;
			files = (
				BA2255382B0F4AF500775FBE /* LaunchScreen.storyboard in Resources */,
				BA2255352B0F4AF500775FBE /* Assets.xcassets in Resources */,
				BA2255332B0F4AF400775FBE /* Main.storyboard in Resources */,
			);
			runOnlyForDeploymentPostprocessing = 0;
		};
/* End PBXResourcesBuildPhase section */

/* Begin PBXShellScriptBuildPhase section */
		6959AACAACBCDAE4DD9E5076 /* [CP] Copy Pods Resources */ = {
			isa = PBXShellScriptBuildPhase;
			buildActionMask = 2147483647;
			files = (
			);
			inputFileListPaths = (
				"${PODS_ROOT}/Target Support Files/Pods-CodeTest/Pods-CodeTest-resources-${CONFIGURATION}-input-files.xcfilelist",
			);
			name = "[CP] Copy Pods Resources";
			outputFileListPaths = (
				"${PODS_ROOT}/Target Support Files/Pods-CodeTest/Pods-CodeTest-resources-${CONFIGURATION}-output-files.xcfilelist",
			);
			runOnlyForDeploymentPostprocessing = 0;
			shellPath = /bin/sh;
			shellScript = "\"${PODS_ROOT}/Target Support Files/Pods-CodeTest/Pods-CodeTest-resources.sh\"\n";
			showEnvVarsInLog = 0;
		};
		6B9866A5214F5E0D0D37721A /* [CP] Check Pods Manifest.lock */ = {
			isa = PBXShellScriptBuildPhase;
			buildActionMask = 2147483647;
			files = (
			);
			inputFileListPaths = (
			);
			inputPaths = (
				"${PODS_PODFILE_DIR_PATH}/Podfile.lock",
				"${PODS_ROOT}/Manifest.lock",
			);
			name = "[CP] Check Pods Manifest.lock";
			outputFileListPaths = (
			);
			outputPaths = (
				"$(DERIVED_FILE_DIR)/Pods-CodeTest-checkManifestLockResult.txt",
			);
			runOnlyForDeploymentPostprocessing = 0;
			shellPath = /bin/sh;
			shellScript = "diff \"${PODS_PODFILE_DIR_PATH}/Podfile.lock\" \"${PODS_ROOT}/Manifest.lock\" > /dev/null\nif [ $? != 0 ] ; then\n    # print error to STDERR\n    echo \"error: The sandbox is not in sync with the Podfile.lock. Run 'pod install' or update your CocoaPods installation.\" >&2\n    exit 1\nfi\n# This output is used by Xcode 'outputs' to avoid re-running this script phase.\necho \"SUCCESS\" > \"${SCRIPT_OUTPUT_FILE_0}\"\n";
			showEnvVarsInLog = 0;
		};
		932F01D3FCBF9A85537358D6 /* [CP] Embed Pods Frameworks */ = {
			isa = PBXShellScriptBuildPhase;
			buildActionMask = 2147483647;
			files = (
			);
			inputFileListPaths = (
				"${PODS_ROOT}/Target Support Files/Pods-CodeTest/Pods-CodeTest-frameworks-${CONFIGURATION}-input-files.xcfilelist",
			);
			name = "[CP] Embed Pods Frameworks";
			outputFileListPaths = (
				"${PODS_ROOT}/Target Support Files/Pods-CodeTest/Pods-CodeTest-frameworks-${CONFIGURATION}-output-files.xcfilelist",
			);
			runOnlyForDeploymentPostprocessing = 0;
			shellPath = /bin/sh;
			shellScript = "\"${PODS_ROOT}/Target Support Files/Pods-CodeTest/Pods-CodeTest-frameworks.sh\"\n";
			showEnvVarsInLog = 0;
		};
/* End PBXShellScriptBuildPhase section */

/* Begin PBXSourcesBuildPhase section */
		BA2255242B0F4AF400775FBE /* Sources */ = {
			isa = PBXSourcesBuildPhase;
			buildActionMask = 2147483647;
			files = (
				BAC055ED2B0F507C00A0A063 /* Notification+Apptools.swift in Sources */,
				BAC056112B10430B00A0A063 /* RequestDataModel.swift in Sources */,
				BAC055F12B0F507C00A0A063 /* Color+AppTools.swift in Sources */,
				BAC056272B1073CC00A0A063 /* PagingPhotoView.swift in Sources */,
				BAC0562D2B107FD800A0A063 /* DistanceCalculator.swift in Sources */,
				BAC055E72B0F507C00A0A063 /* Image+AppTools.swift in Sources */,
				BAC056042B1042FD00A0A063 /* CLLocation.swift in Sources */,
				BAC056192B10455B00A0A063 /* AppTools.swift in Sources */,
				BAC0560F2B10430B00A0A063 /* NetWorkManager.swift in Sources */,
				BAC056012B1041A400A0A063 /* BaseViewController.swift in Sources */,
				BAC055F42B0F507C00A0A063 /* NibLoadable.swift in Sources */,
				BAC055EC2B0F507C00A0A063 /* Button+countDown.swift in Sources */,
				BAC055EA2B0F507C00A0A063 /* UITextField+AppTools.swift in Sources */,
				BAC056292B10743000A0A063 /* AutocompleteConfiguration.swift in Sources */,
				BA2255302B0F4AF400775FBE /* ViewController.swift in Sources */,
				BAC055F22B0F507C00A0A063 /* View+AppTools.swift in Sources */,
				BAC055FD2B10419600A0A063 /* BaseNavigationController.swift in Sources */,
				BAC055E82B0F507C00A0A063 /* UIViewController+AppTools.swift in Sources */,
				BAC0560E2B10430B00A0A063 /* NetWorkCodeTool.swift in Sources */,
				BAC055F32B0F507C00A0A063 /* Button+AppTools.swift in Sources */,
				BAC0560D2B10430B00A0A063 /* NetWorkBaseApi.swift in Sources */,
				BAC055EB2B0F507C00A0A063 /* SVProgressHUD+AppTools.swift in Sources */,
				BAC055E92B0F507C00A0A063 /* Array+AppTools.swift in Sources */,
				BAC055F02B0F507C00A0A063 /* String+AppTools.swift in Sources */,
				BAC055F62B0F50E400A0A063 /* ColorConfig.swift in Sources */,
				BAC0561D2B10472A00A0A063 /* MapViewController.swift in Sources */,
				BAC055D72B0F502200A0A063 /* AppConfig.swift in Sources */,
				BAC056232B10734500A0A063 /* AutocompleteBaseViewController.swift in Sources */,
				BAC055EF2B0F507C00A0A063 /* Dictionary+Apptools.swift in Sources */,
				BAC055FB2B0F520300A0A063 /* AppDelegate+Config.swift in Sources */,
				BAC055EE2B0F507C00A0A063 /* Date+Apptools.swift in Sources */,
				BAC056172B10455B00A0A063 /* GlobalHelper.swift in Sources */,
				BA22552C2B0F4AF400775FBE /* AppDelegate.swift in Sources */,
				BAC0561A2B10455B00A0A063 /* GifImageOperation.swift in Sources */,
				BAC056212B104CCC00A0A063 /* CommonButton.swift in Sources */,
				BA22552E2B0F4AF400775FBE /* SceneDelegate.swift in Sources */,
				BAC056312B1083D400A0A063 /* GoogleModel.swift in Sources */,
				BAC056182B10455B00A0A063 /* GCDTimer.swift in Sources */,
				BAC056102B10430B00A0A063 /* Device+Apptools.swift in Sources */,
			);
			runOnlyForDeploymentPostprocessing = 0;
		};
/* End PBXSourcesBuildPhase section */

/* Begin PBXVariantGroup section */
		BA2255312B0F4AF400775FBE /* Main.storyboard */ = {
			isa = PBXVariantGroup;
			children = (
				BA2255322B0F4AF400775FBE /* Base */,
			);
			name = Main.storyboard;
			sourceTree = "<group>";
		};
		BA2255362B0F4AF500775FBE /* LaunchScreen.storyboard */ = {
			isa = PBXVariantGroup;
			children = (
				BA2255372B0F4AF500775FBE /* Base */,
			);
			name = LaunchScreen.storyboard;
			sourceTree = "<group>";
		};
/* End PBXVariantGroup section */

/* Begin XCBuildConfiguration section */
		BA22553A2B0F4AF500775FBE /* Debug */ = {
			isa = XCBuildConfiguration;
			buildSettings = {
				ALWAYS_SEARCH_USER_PATHS = NO;
				ASSETCATALOG_COMPILER_GENERATE_SWIFT_ASSET_SYMBOL_EXTENSIONS = YES;
				CLANG_ANALYZER_NONNULL = YES;
				CLANG_ANALYZER_NUMBER_OBJECT_CONVERSION = YES_AGGRESSIVE;
				CLANG_CXX_LANGUAGE_STANDARD = "gnu++20";
				CLANG_ENABLE_MODULES = YES;
				CLANG_ENABLE_OBJC_ARC = YES;
				CLANG_ENABLE_OBJC_WEAK = YES;
				CLANG_WARN_BLOCK_CAPTURE_AUTORELEASING = YES;
				CLANG_WARN_BOOL_CONVERSION = YES;
				CLANG_WARN_COMMA = YES;
				CLANG_WARN_CONSTANT_CONVERSION = YES;
				CLANG_WARN_DEPRECATED_OBJC_IMPLEMENTATIONS = YES;
				CLANG_WARN_DIRECT_OBJC_ISA_USAGE = YES_ERROR;
				CLANG_WARN_DOCUMENTATION_COMMENTS = YES;
				CLANG_WARN_EMPTY_BODY = YES;
				CLANG_WARN_ENUM_CONVERSION = YES;
				CLANG_WARN_INFINITE_RECURSION = YES;
				CLANG_WARN_INT_CONVERSION = YES;
				CLANG_WARN_NON_LITERAL_NULL_CONVERSION = YES;
				CLANG_WARN_OBJC_IMPLICIT_RETAIN_SELF = YES;
				CLANG_WARN_OBJC_LITERAL_CONVERSION = YES;
				CLANG_WARN_OBJC_ROOT_CLASS = YES_ERROR;
				CLANG_WARN_QUOTED_INCLUDE_IN_FRAMEWORK_HEADER = YES;
				CLANG_WARN_RANGE_LOOP_ANALYSIS = YES;
				CLANG_WARN_STRICT_PROTOTYPES = YES;
				CLANG_WARN_SUSPICIOUS_MOVE = YES;
				CLANG_WARN_UNGUARDED_AVAILABILITY = YES_AGGRESSIVE;
				CLANG_WARN_UNREACHABLE_CODE = YES;
				CLANG_WARN__DUPLICATE_METHOD_MATCH = YES;
				COPY_PHASE_STRIP = NO;
				DEBUG_INFORMATION_FORMAT = dwarf;
				ENABLE_STRICT_OBJC_MSGSEND = YES;
				ENABLE_TESTABILITY = YES;
				ENABLE_USER_SCRIPT_SANDBOXING = YES;
				GCC_C_LANGUAGE_STANDARD = gnu17;
				GCC_DYNAMIC_NO_PIC = NO;
				GCC_NO_COMMON_BLOCKS = YES;
				GCC_OPTIMIZATION_LEVEL = 0;
				GCC_PREPROCESSOR_DEFINITIONS = (
					"DEBUG=1",
					"$(inherited)",
				);
				GCC_WARN_64_TO_32_BIT_CONVERSION = YES;
				GCC_WARN_ABOUT_RETURN_TYPE = YES_ERROR;
				GCC_WARN_UNDECLARED_SELECTOR = YES;
				GCC_WARN_UNINITIALIZED_AUTOS = YES_AGGRESSIVE;
				GCC_WARN_UNUSED_FUNCTION = YES;
				GCC_WARN_UNUSED_VARIABLE = YES;
				IPHONEOS_DEPLOYMENT_TARGET = 17.0;
				LOCALIZATION_PREFERS_STRING_CATALOGS = YES;
				MTL_ENABLE_DEBUG_INFO = INCLUDE_SOURCE;
				MTL_FAST_MATH = YES;
				ONLY_ACTIVE_ARCH = YES;
				SDKROOT = iphoneos;
				SWIFT_ACTIVE_COMPILATION_CONDITIONS = "DEBUG $(inherited)";
				SWIFT_OPTIMIZATION_LEVEL = "-Onone";
			};
			name = Debug;
		};
		BA22553B2B0F4AF500775FBE /* Release */ = {
			isa = XCBuildConfiguration;
			buildSettings = {
				ALWAYS_SEARCH_USER_PATHS = NO;
				ASSETCATALOG_COMPILER_GENERATE_SWIFT_ASSET_SYMBOL_EXTENSIONS = YES;
				CLANG_ANALYZER_NONNULL = YES;
				CLANG_ANALYZER_NUMBER_OBJECT_CONVERSION = YES_AGGRESSIVE;
				CLANG_CXX_LANGUAGE_STANDARD = "gnu++20";
				CLANG_ENABLE_MODULES = YES;
				CLANG_ENABLE_OBJC_ARC = YES;
				CLANG_ENABLE_OBJC_WEAK = YES;
				CLANG_WARN_BLOCK_CAPTURE_AUTORELEASING = YES;
				CLANG_WARN_BOOL_CONVERSION = YES;
				CLANG_WARN_COMMA = YES;
				CLANG_WARN_CONSTANT_CONVERSION = YES;
				CLANG_WARN_DEPRECATED_OBJC_IMPLEMENTATIONS = YES;
				CLANG_WARN_DIRECT_OBJC_ISA_USAGE = YES_ERROR;
				CLANG_WARN_DOCUMENTATION_COMMENTS = YES;
				CLANG_WARN_EMPTY_BODY = YES;
				CLANG_WARN_ENUM_CONVERSION = YES;
				CLANG_WARN_INFINITE_RECURSION = YES;
				CLANG_WARN_INT_CONVERSION = YES;
				CLANG_WARN_NON_LITERAL_NULL_CONVERSION = YES;
				CLANG_WARN_OBJC_IMPLICIT_RETAIN_SELF = YES;
				CLANG_WARN_OBJC_LITERAL_CONVERSION = YES;
				CLANG_WARN_OBJC_ROOT_CLASS = YES_ERROR;
				CLANG_WARN_QUOTED_INCLUDE_IN_FRAMEWORK_HEADER = YES;
				CLANG_WARN_RANGE_LOOP_ANALYSIS = YES;
				CLANG_WARN_STRICT_PROTOTYPES = YES;
				CLANG_WARN_SUSPICIOUS_MOVE = YES;
				CLANG_WARN_UNGUARDED_AVAILABILITY = YES_AGGRESSIVE;
				CLANG_WARN_UNREACHABLE_CODE = YES;
				CLANG_WARN__DUPLICATE_METHOD_MATCH = YES;
				COPY_PHASE_STRIP = NO;
				DEBUG_INFORMATION_FORMAT = "dwarf-with-dsym";
				ENABLE_NS_ASSERTIONS = NO;
				ENABLE_STRICT_OBJC_MSGSEND = YES;
				ENABLE_USER_SCRIPT_SANDBOXING = YES;
				GCC_C_LANGUAGE_STANDARD = gnu17;
				GCC_NO_COMMON_BLOCKS = YES;
				GCC_WARN_64_TO_32_BIT_CONVERSION = YES;
				GCC_WARN_ABOUT_RETURN_TYPE = YES_ERROR;
				GCC_WARN_UNDECLARED_SELECTOR = YES;
				GCC_WARN_UNINITIALIZED_AUTOS = YES_AGGRESSIVE;
				GCC_WARN_UNUSED_FUNCTION = YES;
				GCC_WARN_UNUSED_VARIABLE = YES;
				IPHONEOS_DEPLOYMENT_TARGET = 17.0;
				LOCALIZATION_PREFERS_STRING_CATALOGS = YES;
				MTL_ENABLE_DEBUG_INFO = NO;
				MTL_FAST_MATH = YES;
				SDKROOT = iphoneos;
				SWIFT_COMPILATION_MODE = wholemodule;
				VALIDATE_PRODUCT = YES;
			};
			name = Release;
		};
		BA22553D2B0F4AF500775FBE /* Debug */ = {
			isa = XCBuildConfiguration;
			baseConfigurationReference = C26183E6E40C453A9860B4C3 /* Pods-CodeTest.debug.xcconfig */;
			buildSettings = {
				ASSETCATALOG_COMPILER_APPICON_NAME = AppIcon;
				ASSETCATALOG_COMPILER_GLOBAL_ACCENT_COLOR_NAME = AccentColor;
				CODE_SIGN_STYLE = Automatic;
				CURRENT_PROJECT_VERSION = 1;
				DEVELOPMENT_TEAM = EZ2ZHSSKMP;
				ENABLE_USER_SCRIPT_SANDBOXING = NO;
				GENERATE_INFOPLIST_FILE = YES;
				INFOPLIST_FILE = CodeTest/Info.plist;
				INFOPLIST_KEY_NSLocationWhenInUseUsageDescription = "";
				INFOPLIST_KEY_UIApplicationSupportsIndirectInputEvents = YES;
				INFOPLIST_KEY_UILaunchStoryboardName = LaunchScreen;
				INFOPLIST_KEY_UIMainStoryboardFile = Main;
				INFOPLIST_KEY_UISupportedInterfaceOrientations = UIInterfaceOrientationPortrait;
				INFOPLIST_KEY_UIUserInterfaceStyle = Light;
				IPHONEOS_DEPLOYMENT_TARGET = 14.0;
				LD_RUNPATH_SEARCH_PATHS = (
					"$(inherited)",
					"@executable_path/Frameworks",
				);
				MARKETING_VERSION = 1.0;
				PRODUCT_BUNDLE_IDENTIFIER = codeTest;
				PRODUCT_NAME = "$(TARGET_NAME)";
				SUPPORTED_PLATFORMS = "iphoneos iphonesimulator";
				SUPPORTS_MACCATALYST = NO;
				SUPPORTS_MAC_DESIGNED_FOR_IPHONE_IPAD = NO;
				SWIFT_EMIT_LOC_STRINGS = YES;
				SWIFT_VERSION = 5.0;
				TARGETED_DEVICE_FAMILY = "1,2";
			};
			name = Debug;
		};
		BA22553E2B0F4AF500775FBE /* Release */ = {
			isa = XCBuildConfiguration;
			baseConfigurationReference = FADA90C51A35B313491D90EF /* Pods-CodeTest.release.xcconfig */;
			buildSettings = {
				ASSETCATALOG_COMPILER_APPICON_NAME = AppIcon;
				ASSETCATALOG_COMPILER_GLOBAL_ACCENT_COLOR_NAME = AccentColor;
				CODE_SIGN_STYLE = Automatic;
				CURRENT_PROJECT_VERSION = 1;
				DEVELOPMENT_TEAM = EZ2ZHSSKMP;
				ENABLE_USER_SCRIPT_SANDBOXING = NO;
				GENERATE_INFOPLIST_FILE = YES;
				INFOPLIST_FILE = CodeTest/Info.plist;
				INFOPLIST_KEY_NSLocationWhenInUseUsageDescription = "";
				INFOPLIST_KEY_UIApplicationSupportsIndirectInputEvents = YES;
				INFOPLIST_KEY_UILaunchStoryboardName = LaunchScreen;
				INFOPLIST_KEY_UIMainStoryboardFile = Main;
				INFOPLIST_KEY_UISupportedInterfaceOrientations = UIInterfaceOrientationPortrait;
				INFOPLIST_KEY_UIUserInterfaceStyle = Light;
				IPHONEOS_DEPLOYMENT_TARGET = 14.0;
				LD_RUNPATH_SEARCH_PATHS = (
					"$(inherited)",
					"@executable_path/Frameworks",
				);
				MARKETING_VERSION = 1.0;
				PRODUCT_BUNDLE_IDENTIFIER = codeTest;
				PRODUCT_NAME = "$(TARGET_NAME)";
				SUPPORTED_PLATFORMS = "iphoneos iphonesimulator";
				SUPPORTS_MACCATALYST = NO;
				SUPPORTS_MAC_DESIGNED_FOR_IPHONE_IPAD = NO;
				SWIFT_EMIT_LOC_STRINGS = YES;
				SWIFT_VERSION = 5.0;
				TARGETED_DEVICE_FAMILY = "1,2";
			};
			name = Release;
		};
/* End XCBuildConfiguration section */

/* Begin XCConfigurationList section */
		BA2255232B0F4AF400775FBE /* Build configuration list for PBXProject "CodeTest" */ = {
			isa = XCConfigurationList;
			buildConfigurations = (
				BA22553A2B0F4AF500775FBE /* Debug */,
				BA22553B2B0F4AF500775FBE /* Release */,
			);
			defaultConfigurationIsVisible = 0;
			defaultConfigurationName = Release;
		};
		BA22553C2B0F4AF500775FBE /* Build configuration list for PBXNativeTarget "CodeTest" */ = {
			isa = XCConfigurationList;
			buildConfigurations = (
				BA22553D2B0F4AF500775FBE /* Debug */,
				BA22553E2B0F4AF500775FBE /* Release */,
			);
			defaultConfigurationIsVisible = 0;
			defaultConfigurationName = Release;
		};
/* End XCConfigurationList section */
	};
	rootObject = BA2255202B0F4AF400775FBE /* Project object */;
}
